
Microsoft Visual Studio Solution File, Format Version 12.00
# Visual Studio Version 16
VisualStudioVersion = 16.0.33801.447
MinimumVisualStudioVersion = 10.0.40219.1
Project("{FAE04EC0-301F-11D3-BF4B-00C04F79EFBC}") = "PSCIDemo", "PSCIDemo\PSCIDemo.csproj", "{9F655E62-6921-4B55-925A-F627E194A628}"
EndProject
Global
	GlobalSection(SolutionConfigurationPlatforms) = preSolution
		Debug|Any CPU = Debug|Any CPU
		Release|Any CPU = Release|Any CPU
	EndGlobalSection
	GlobalSection(ProjectConfigurationPlatforms) = postSolution
		{9F655E62-6921-4B55-925A-F627E194A628}.Debug|Any CPU.ActiveCfg = Debug|Any CPU
		{9F655E62-6921-4B55-925A-F627E194A628}.Debug|Any CPU.Build.0 = Debug|Any CPU
		{9F655E62-6921-4B55-925A-F627E194A628}.Release|Any CPU.ActiveCfg = Release|Any CPU
		{9F655E62-6921-4B55-925A-F627E194A628}.Release|Any CPU.Build.0 = Release|Any CPU
	EndGlobalSection
	GlobalSection(SolutionProperties) = preSolution
		HideSolutionNode = FALSE
	EndGlobalSection
	GlobalSection(ExtensibilityGlobals) = postSolution
		SolutionGuid = {6181453A-185F-4135-866D-9B5147D4E597}
	EndGlobalSection
EndGlobal
